
Microsoft Visual Studio Solution File, Format Version 12.00
# Visual Studio Version 17
VisualStudioVersion = 17.3.32929.385
MinimumVisualStudioVersion = 10.0.40219.1
Project("{FAE04EC0-301F-11D3-BF4B-00C04F79EFBC}") = "WebApp3", "WebApp3\WebApp3.csproj", "{33B63294-5B8C-4A14-8EB0-2B47894F43D6}"
EndProject
Global
	GlobalSection(SolutionConfigurationPlatforms) = preSolution
		Debug|Any CPU = Debug|Any CPU
		Release|Any CPU = Release|Any CPU
	EndGlobalSection
	GlobalSection(ProjectConfigurationPlatforms) = postSolution
		{33B63294-5B8C-4A14-8EB0-2B47894F43D6}.Debug|Any CPU.ActiveCfg = Debug|Any CPU
		{33B63294-5B8C-4A14-8EB0-2B47894F43D6}.Debug|Any CPU.Build.0 = Debug|Any CPU
		{33B63294-5B8C-4A14-8EB0-2B47894F43D6}.Release|Any CPU.ActiveCfg = Release|Any CPU
		{33B63294-5B8C-4A14-8EB0-2B47894F43D6}.Release|Any CPU.Build.0 = Release|Any CPU
	EndGlobalSection
	GlobalSection(SolutionProperties) = preSolution
		HideSolutionNode = FALSE
	EndGlobalSection
	GlobalSection(ExtensibilityGlobals) = postSolution
		SolutionGuid = {5B5EC70E-BFA5-450C-A240-6C85D5652F7A}
	EndGlobalSection
EndGlobal
